// !$*UTF8*$!
{
	archiveVersion = 1;
	classes = {
	};
	objectVersion = 56;
	objects = {

/* Begin PBXBuildFile section */
		4DAF1B9F2B8623C3006A200C /* RealityKitContent in Frameworks */ = {isa = PBXBuildFile; productRef = 4DAF1B9E2B8623C3006A200C /* RealityKitContent */; };
		4DAF1BA12B8623C3006A200C /* Scientific_CalculatorApp.swift in Sources */ = {isa = PBXBuildFile; fileRef = 4DAF1BA02B8623C3006A200C /* Scientific_CalculatorApp.swift */; };
		4DAF1BA32B8623C3006A200C /* HomeV.swift in Sources */ = {isa = PBXBuildFile; fileRef = 4DAF1BA22B8623C3006A200C /* HomeV.swift */; };
		4DAF1BA52B8623C4006A200C /* Assets.xcassets in Resources */ = {isa = PBXBuildFile; fileRef = 4DAF1BA42B8623C4006A200C /* Assets.xcassets */; };
		4DAF1BA82B8623C4006A200C /* Preview Assets.xcassets in Resources */ = {isa = PBXBuildFile; fileRef = 4DAF1BA72B8623C4006A200C /* Preview Assets.xcassets */; };
		4DAF1BB22B86254D006A200C /* Constant.swift in Sources */ = {isa = PBXBuildFile; fileRef = 4DAF1BB12B86254D006A200C /* Constant.swift */; };
/* End PBXBuildFile section */

/* Begin PBXFileReference section */
		4DAF1B992B8623C3006A200C /* Scientific Calculator.app */ = {isa = PBXFileReference; explicitFileType = wrapper.application; includeInIndex = 0; path = "Scientific Calculator.app"; sourceTree = BUILT_PRODUCTS_DIR; };
		4DAF1B9D2B8623C3006A200C /* RealityKitContent */ = {isa = PBXFileReference; lastKnownFileType = wrapper; path = RealityKitContent; sourceTree = "<group>"; };
		4DAF1BA02B8623C3006A200C /* Scientific_CalculatorApp.swift */ = {isa = PBXFileReference; lastKnownFileType = sourcecode.swift; path = Scientific_CalculatorApp.swift; sourceTree = "<group>"; };
		4DAF1BA22B8623C3006A200C /* HomeV.swift */ = {isa = PBXFileReference; lastKnownFileType = sourcecode.swift; path = HomeV.swift; sourceTree = "<group>"; };
		4DAF1BA42B8623C4006A200C /* Assets.xcassets */ = {isa = PBXFileReference; lastKnownFileType = folder.assetcatalog; path = Assets.xcassets; sourceTree = "<group>"; };
		4DAF1BA72B8623C4006A200C /* Preview Assets.xcassets */ = {isa = PBXFileReference; lastKnownFileType = folder.assetcatalog; path = "Preview Assets.xcassets"; sourceTree = "<group>"; };
		4DAF1BA92B8623C4006A200C /* Info.plist */ = {isa = PBXFileReference; lastKnownFileType = text.plist.xml; path = Info.plist; sourceTree = "<group>"; };
		4DAF1BB12B86254D006A200C /* Constant.swift */ = {isa = PBXFileReference; lastKnownFileType = sourcecode.swift; path = Constant.swift; sourceTree = "<group>"; };
/* End PBXFileReference section */

/* Begin PBXFrameworksBuildPhase section */
		4DAF1B962B8623C3006A200C /* Frameworks */ = {
			isa = PBXFrameworksBuildPhase;
			buildActionMask = 2147483647;
			files = (
				4DAF1B9F2B8623C3006A200C /* RealityKitContent in Frameworks */,
			);
			runOnlyForDeploymentPostprocessing = 0;
		};
/* End PBXFrameworksBuildPhase section */

/* Begin PBXGroup section */
		4DAF1B902B8623C3006A200C = {
			isa = PBXGroup;
			children = (
				4DAF1B9B2B8623C3006A200C /* Scientific Calculator */,
				4DAF1B9C2B8623C3006A200C /* Packages */,
				4DAF1B9A2B8623C3006A200C /* Products */,
			);
			sourceTree = "<group>";
		};
		4DAF1B9A2B8623C3006A200C /* Products */ = {
			isa = PBXGroup;
			children = (
				4DAF1B992B8623C3006A200C /* Scientific Calculator.app */,
			);
			name = Products;
			sourceTree = "<group>";
		};
		4DAF1B9B2B8623C3006A200C /* Scientific Calculator */ = {
			isa = PBXGroup;
			children = (
				4DAF1BA02B8623C3006A200C /* Scientific_CalculatorApp.swift */,
				4DAF1BA22B8623C3006A200C /* HomeV.swift */,
				4DAF1BA42B8623C4006A200C /* Assets.xcassets */,
				4DAF1BA92B8623C4006A200C /* Info.plist */,
				4DAF1BA62B8623C4006A200C /* Preview Content */,
				4DAF1BB12B86254D006A200C /* Constant.swift */,
			);
			path = "Scientific Calculator";
			sourceTree = "<group>";
		};
		4DAF1B9C2B8623C3006A200C /* Packages */ = {
			isa = PBXGroup;
			children = (
				4DAF1B9D2B8623C3006A200C /* RealityKitContent */,
			);
			path = Packages;
			sourceTree = "<group>";
		};
		4DAF1BA62B8623C4006A200C /* Preview Content */ = {
			isa = PBXGroup;
			children = (
				4DAF1BA72B8623C4006A200C /* Preview Assets.xcassets */,
			);
			path = "Preview Content";
			sourceTree = "<group>";
		};
/* End PBXGroup section */

/* Begin PBXNativeTarget section */
		4DAF1B982B8623C3006A200C /* Scientific Calculator */ = {
			isa = PBXNativeTarget;
			buildConfigurationList = 4DAF1BAC2B8623C4006A200C /* Build configuration list for PBXNativeTarget "Scientific Calculator" */;
			buildPhases = (
				4DAF1B952B8623C3006A200C /* Sources */,
				4DAF1B962B8623C3006A200C /* Frameworks */,
				4DAF1B972B8623C3006A200C /* Resources */,
			);
			buildRules = (
			);
			dependencies = (
			);
			name = "Scientific Calculator";
			packageProductDependencies = (
				4DAF1B9E2B8623C3006A200C /* RealityKitContent */,
			);
			productName = "Scientific Calculator";
			productReference = 4DAF1B992B8623C3006A200C /* Scientific Calculator.app */;
			productType = "com.apple.product-type.application";
		};
/* End PBXNativeTarget section */

/* Begin PBXProject section */
		4DAF1B912B8623C3006A200C /* Project object */ = {
			isa = PBXProject;
			attributes = {
				BuildIndependentTargetsInParallel = 1;
				LastSwiftUpdateCheck = 1520;
				LastUpgradeCheck = 1520;
				TargetAttributes = {
					4DAF1B982B8623C3006A200C = {
						CreatedOnToolsVersion = 15.2;
					};
				};
			};
			buildConfigurationList = 4DAF1B942B8623C3006A200C /* Build configuration list for PBXProject "Scientific Calculator" */;
			compatibilityVersion = "Xcode 14.0";
			developmentRegion = en;
			hasScannedForEncodings = 0;
			knownRegions = (
				en,
				Base,
			);
			mainGroup = 4DAF1B902B8623C3006A200C;
			productRefGroup = 4DAF1B9A2B8623C3006A200C /* Products */;
			projectDirPath = "";
			projectRoot = "";
			targets = (
				4DAF1B982B8623C3006A200C /* Scientific Calculator */,
			);
		};
/* End PBXProject section */

/* Begin PBXResourcesBuildPhase section */
		4DAF1B972B8623C3006A200C /* Resources */ = {
			isa = PBXResourcesBuildPhase;
			buildActionMask = 2147483647;
			files = (
				4DAF1BA82B8623C4006A200C /* Preview Assets.xcassets in Resources */,
				4DAF1BA52B8623C4006A200C /* Assets.xcassets in Resources */,
			);
			runOnlyForDeploymentPostprocessing = 0;
		};
/* End PBXResourcesBuildPhase section */

/* Begin PBXSourcesBuildPhase section */
		4DAF1B952B8623C3006A200C /* Sources */ = {
			isa = PBXSourcesBuildPhase;
			buildActionMask = 2147483647;
			files = (
				4DAF1BA32B8623C3006A200C /* HomeV.swift in Sources */,
				4DAF1BA12B8623C3006A200C /* Scientific_CalculatorApp.swift in Sources */,
				4DAF1BB22B86254D006A200C /* Constant.swift in Sources */,
			);
			runOnlyForDeploymentPostprocessing = 0;
		};
/* End PBXSourcesBuildPhase section */

/* Begin XCBuildConfiguration section */
		4DAF1BAA2B8623C4006A200C /* Debug */ = {
			isa = XCBuildConfiguration;
			buildSettings = {
				ALWAYS_SEARCH_USER_PATHS = NO;
				ASSETCATALOG_COMPILER_GENERATE_SWIFT_ASSET_SYMBOL_EXTENSIONS = YES;
				CLANG_ANALYZER_NONNULL = YES;
				CLANG_ANALYZER_NUMBER_OBJECT_CONVERSION = YES_AGGRESSIVE;
				CLANG_CXX_LANGUAGE_STANDARD = "gnu++20";
				CLANG_ENABLE_MODULES = YES;
				CLANG_ENABLE_OBJC_ARC = YES;
				CLANG_ENABLE_OBJC_WEAK = YES;
				CLANG_WARN_BLOCK_CAPTURE_AUTORELEASING = YES;
				CLANG_WARN_BOOL_CONVERSION = YES;
				CLANG_WARN_COMMA = YES;
				CLANG_WARN_CONSTANT_CONVERSION = YES;
				CLANG_WARN_DEPRECATED_OBJC_IMPLEMENTATIONS = YES;
				CLANG_WARN_DIRECT_OBJC_ISA_USAGE = YES_ERROR;
				CLANG_WARN_DOCUMENTATION_COMMENTS = YES;
				CLANG_WARN_EMPTY_BODY = YES;
				CLANG_WARN_ENUM_CONVERSION = YES;
				CLANG_WARN_INFINITE_RECURSION = YES;
				CLANG_WARN_INT_CONVERSION = YES;
				CLANG_WARN_NON_LITERAL_NULL_CONVERSION = YES;
				CLANG_WARN_OBJC_IMPLICIT_RETAIN_SELF = YES;
				CLANG_WARN_OBJC_LITERAL_CONVERSION = YES;
				CLANG_WARN_OBJC_ROOT_CLASS = YES_ERROR;
				CLANG_WARN_QUOTED_INCLUDE_IN_FRAMEWORK_HEADER = YES;
				CLANG_WARN_RANGE_LOOP_ANALYSIS = YES;
				CLANG_WARN_STRICT_PROTOTYPES = YES;
				CLANG_WARN_SUSPICIOUS_MOVE = YES;
				CLANG_WARN_UNGUARDED_AVAILABILITY = YES_AGGRESSIVE;
				CLANG_WARN_UNREACHABLE_CODE = YES;
				CLANG_WARN__DUPLICATE_METHOD_MATCH = YES;
				COPY_PHASE_STRIP = NO;
				DEBUG_INFORMATION_FORMAT = dwarf;
				ENABLE_STRICT_OBJC_MSGSEND = YES;
				ENABLE_TESTABILITY = YES;
				ENABLE_USER_SCRIPT_SANDBOXING = YES;
				GCC_C_LANGUAGE_STANDARD = gnu17;
				GCC_DYNAMIC_NO_PIC = NO;
				GCC_NO_COMMON_BLOCKS = YES;
				GCC_OPTIMIZATION_LEVEL = 0;
				GCC_PREPROCESSOR_DEFINITIONS = (
					"DEBUG=1",
					"$(inherited)",
				);
				GCC_WARN_64_TO_32_BIT_CONVERSION = YES;
				GCC_WARN_ABOUT_RETURN_TYPE = YES_ERROR;
				GCC_WARN_UNDECLARED_SELECTOR = YES;
				GCC_WARN_UNINITIALIZED_AUTOS = YES_AGGRESSIVE;
				GCC_WARN_UNUSED_FUNCTION = YES;
				GCC_WARN_UNUSED_VARIABLE = YES;
				LOCALIZATION_PREFERS_STRING_CATALOGS = YES;
				MTL_ENABLE_DEBUG_INFO = INCLUDE_SOURCE;
				MTL_FAST_MATH = YES;
				ONLY_ACTIVE_ARCH = YES;
				SDKROOT = xros;
				SWIFT_ACTIVE_COMPILATION_CONDITIONS = "DEBUG $(inherited)";
				SWIFT_OPTIMIZATION_LEVEL = "-Onone";
				XROS_DEPLOYMENT_TARGET = 1.0;
			};
			name = Debug;
		};
		4DAF1BAB2B8623C4006A200C /* Release */ = {
			isa = XCBuildConfiguration;
			buildSettings = {
				ALWAYS_SEARCH_USER_PATHS = NO;
				ASSETCATALOG_COMPILER_GENERATE_SWIFT_ASSET_SYMBOL_EXTENSIONS = YES;
				CLANG_ANALYZER_NONNULL = YES;
				CLANG_ANALYZER_NUMBER_OBJECT_CONVERSION = YES_AGGRESSIVE;
				CLANG_CXX_LANGUAGE_STANDARD = "gnu++20";
				CLANG_ENABLE_MODULES = YES;
				CLANG_ENABLE_OBJC_ARC = YES;
				CLANG_ENABLE_OBJC_WEAK = YES;
				CLANG_WARN_BLOCK_CAPTURE_AUTORELEASING = YES;
				CLANG_WARN_BOOL_CONVERSION = YES;
				CLANG_WARN_COMMA = YES;
				CLANG_WARN_CONSTANT_CONVERSION = YES;
				CLANG_WARN_DEPRECATED_OBJC_IMPLEMENTATIONS = YES;
				CLANG_WARN_DIRECT_OBJC_ISA_USAGE = YES_ERROR;
				CLANG_WARN_DOCUMENTATION_COMMENTS = YES;
				CLANG_WARN_EMPTY_BODY = YES;
				CLANG_WARN_ENUM_CONVERSION = YES;
				CLANG_WARN_INFINITE_RECURSION = YES;
				CLANG_WARN_INT_CONVERSION = YES;
				CLANG_WARN_NON_LITERAL_NULL_CONVERSION = YES;
				CLANG_WARN_OBJC_IMPLICIT_RETAIN_SELF = YES;
				CLANG_WARN_OBJC_LITERAL_CONVERSION = YES;
				CLANG_WARN_OBJC_ROOT_CLASS = YES_ERROR;
				CLANG_WARN_QUOTED_INCLUDE_IN_FRAMEWORK_HEADER = YES;
				CLANG_WARN_RANGE_LOOP_ANALYSIS = YES;
				CLANG_WARN_STRICT_PROTOTYPES = YES;
				CLANG_WARN_SUSPICIOUS_MOVE = YES;
				CLANG_WARN_UNGUARDED_AVAILABILITY = YES_AGGRESSIVE;
				CLANG_WARN_UNREACHABLE_CODE = YES;
				CLANG_WARN__DUPLICATE_METHOD_MATCH = YES;
				COPY_PHASE_STRIP = NO;
				DEBUG_INFORMATION_FORMAT = "dwarf-with-dsym";
				ENABLE_NS_ASSERTIONS = NO;
				ENABLE_STRICT_OBJC_MSGSEND = YES;
				ENABLE_USER_SCRIPT_SANDBOXING = YES;
				GCC_C_LANGUAGE_STANDARD = gnu17;
				GCC_NO_COMMON_BLOCKS = YES;
				GCC_WARN_64_TO_32_BIT_CONVERSION = YES;
				GCC_WARN_ABOUT_RETURN_TYPE = YES_ERROR;
				GCC_WARN_UNDECLARED_SELECTOR = YES;
				GCC_WARN_UNINITIALIZED_AUTOS = YES_AGGRESSIVE;
				GCC_WARN_UNUSED_FUNCTION = YES;
				GCC_WARN_UNUSED_VARIABLE = YES;
				LOCALIZATION_PREFERS_STRING_CATALOGS = YES;
				MTL_ENABLE_DEBUG_INFO = NO;
				MTL_FAST_MATH = YES;
				SDKROOT = xros;
				SWIFT_COMPILATION_MODE = wholemodule;
				VALIDATE_PRODUCT = YES;
				XROS_DEPLOYMENT_TARGET = 1.0;
			};
			name = Release;
		};
		4DAF1BAD2B8623C4006A200C /* Debug */ = {
			isa = XCBuildConfiguration;
			buildSettings = {
				ASSETCATALOG_COMPILER_APPICON_NAME = AppIcon;
				ASSETCATALOG_COMPILER_GLOBAL_ACCENT_COLOR_NAME = AccentColor;
				CODE_SIGN_STYLE = Automatic;
				CURRENT_PROJECT_VERSION = 1;
				DEVELOPMENT_ASSET_PATHS = "\"Scientific Calculator/Preview Content\"";
				DEVELOPMENT_TEAM = B42SPPS3PR;
				ENABLE_PREVIEWS = YES;
				GENERATE_INFOPLIST_FILE = YES;
				INFOPLIST_FILE = "$(TARGET_NAME)/Info.plist";
				LD_RUNPATH_SEARCH_PATHS = (
					"$(inherited)",
					"@executable_path/Frameworks",
				);
				MARKETING_VERSION = 1.0;
				PRODUCT_BUNDLE_IDENTIFIER = "com.bestswlkh0310.just-calculator";
				PRODUCT_NAME = "$(TARGET_NAME)";
				SUPPORTED_PLATFORMS = "xros xrsimulator";
				SWIFT_EMIT_LOC_STRINGS = YES;
				SWIFT_VERSION = 5.0;
				TARGETED_DEVICE_FAMILY = "1,2,7";
			};
			name = Debug;
		};
		4DAF1BAE2B8623C4006A200C /* Release */ = {
			isa = XCBuildConfiguration;
			buildSettings = {
				ASSETCATALOG_COMPILER_APPICON_NAME = AppIcon;
				ASSETCATALOG_COMPILER_GLOBAL_ACCENT_COLOR_NAME = AccentColor;
				CODE_SIGN_STYLE = Automatic;
				CURRENT_PROJECT_VERSION = 1;
				DEVELOPMENT_ASSET_PATHS = "\"Scientific Calculator/Preview Content\"";
				DEVELOPMENT_TEAM = B42SPPS3PR;
				ENABLE_PREVIEWS = YES;
				GENERATE_INFOPLIST_FILE = YES;
				INFOPLIST_FILE = "$(TARGET_NAME)/Info.plist";
				LD_RUNPATH_SEARCH_PATHS = (
					"$(inherited)",
					"@executable_path/Frameworks",
				);
				MARKETING_VERSION = 1.0;
				PRODUCT_BUNDLE_IDENTIFIER = "com.bestswlkh0310.just-calculator";
				PRODUCT_NAME = "$(TARGET_NAME)";
				SUPPORTED_PLATFORMS = "xros xrsimulator";
				SWIFT_EMIT_LOC_STRINGS = YES;
				SWIFT_VERSION = 5.0;
				TARGETED_DEVICE_FAMILY = "1,2,7";
			};
			name = Release;
		};
/* End XCBuildConfiguration section */

/* Begin XCConfigurationList section */
		4DAF1B942B8623C3006A200C /* Build configuration list for PBXProject "Scientific Calculator" */ = {
			isa = XCConfigurationList;
			buildConfigurations = (
				4DAF1BAA2B8623C4006A200C /* Debug */,
				4DAF1BAB2B8623C4006A200C /* Release */,
			);
			defaultConfigurationIsVisible = 0;
			defaultConfigurationName = Release;
		};
		4DAF1BAC2B8623C4006A200C /* Build configuration list for PBXNativeTarget "Scientific Calculator" */ = {
			isa = XCConfigurationList;
			buildConfigurations = (
				4DAF1BAD2B8623C4006A200C /* Debug */,
				4DAF1BAE2B8623C4006A200C /* Release */,
			);
			defaultConfigurationIsVisible = 0;
			defaultConfigurationName = Release;
		};
/* End XCConfigurationList section */

/* Begin XCSwiftPackageProductDependency section */
		4DAF1B9E2B8623C3006A200C /* RealityKitContent */ = {
			isa = XCSwiftPackageProductDependency;
			productName = RealityKitContent;
		};
/* End XCSwiftPackageProductDependency section */
	};
	rootObject = 4DAF1B912B8623C3006A200C /* Project object */;
}
